
Microsoft Visual Studio Solution File, Format Version 12.00
# Visual Studio Version 17
VisualStudioVersion = 17.2.32516.85
MinimumVisualStudioVersion = 10.0.40219.1
Project("{FAE04EC0-301F-11D3-BF4B-00C04F79EFBC}") = "OrderApp2.Core", "OrderApp2.Core\OrderApp2.Core.csproj", "{EDC04625-1E29-45B3-8C8B-18F56CA46BF6}"
EndProject
Project("{FAE04EC0-301F-11D3-BF4B-00C04F79EFBC}") = "OredApp2.Infrastructure", "OredApp2.Infrastructure\OredApp2.Infrastructure.csproj", "{DE6313E9-6F1D-4D75-B466-6EC562F8E4C9}"
EndProject
Project("{FAE04EC0-301F-11D3-BF4B-00C04F79EFBC}") = "OrderApp2.WebApi", "test\OrderApp2.WebApi.csproj", "{5A92978F-3A93-4CFF-B6A4-F60E159C169F}"
EndProject
Global
	GlobalSection(SolutionConfigurationPlatforms) = preSolution
		Debug|Any CPU = Debug|Any CPU
		Release|Any CPU = Release|Any CPU
	EndGlobalSection
	GlobalSection(ProjectConfigurationPlatforms) = postSolution
		{EDC04625-1E29-45B3-8C8B-18F56CA46BF6}.Debug|Any CPU.ActiveCfg = Debug|Any CPU
		{EDC04625-1E29-45B3-8C8B-18F56CA46BF6}.Debug|Any CPU.Build.0 = Debug|Any CPU
		{EDC04625-1E29-45B3-8C8B-18F56CA46BF6}.Release|Any CPU.ActiveCfg = Release|Any CPU
		{EDC04625-1E29-45B3-8C8B-18F56CA46BF6}.Release|Any CPU.Build.0 = Release|Any CPU
		{DE6313E9-6F1D-4D75-B466-6EC562F8E4C9}.Debug|Any CPU.ActiveCfg = Debug|Any CPU
		{DE6313E9-6F1D-4D75-B466-6EC562F8E4C9}.Debug|Any CPU.Build.0 = Debug|Any CPU
		{DE6313E9-6F1D-4D75-B466-6EC562F8E4C9}.Release|Any CPU.ActiveCfg = Release|Any CPU
		{DE6313E9-6F1D-4D75-B466-6EC562F8E4C9}.Release|Any CPU.Build.0 = Release|Any CPU
		{5A92978F-3A93-4CFF-B6A4-F60E159C169F}.Debug|Any CPU.ActiveCfg = Debug|Any CPU
		{5A92978F-3A93-4CFF-B6A4-F60E159C169F}.Debug|Any CPU.Build.0 = Debug|Any CPU
		{5A92978F-3A93-4CFF-B6A4-F60E159C169F}.Release|Any CPU.ActiveCfg = Release|Any CPU
		{5A92978F-3A93-4CFF-B6A4-F60E159C169F}.Release|Any CPU.Build.0 = Release|Any CPU
	EndGlobalSection
	GlobalSection(SolutionProperties) = preSolution
		HideSolutionNode = FALSE
	EndGlobalSection
	GlobalSection(ExtensibilityGlobals) = postSolution
		SolutionGuid = {FF6E55FE-FDA2-4DF6-A662-649F0B933F21}
	EndGlobalSection
EndGlobal
